// !$*UTF8*$!
{
	archiveVersion = 1;
	classes = {
	};
	objectVersion = 46;
	objects = {

/* Begin PBXBuildFile section */
		0698F75DC0F57B5C5FC73CFE /* libPods-TodayExtension.a in Frameworks */ = {isa = PBXBuildFile; fileRef = B6BE1C7875F662E11BF5D592 /* libPods-TodayExtension.a */; };
		79CA3B9BD42DEE868723256D /* libPods-TestTravis.a in Frameworks */ = {isa = PBXBuildFile; fileRef = 3FACFD03ED92DB9C750B8153 /* libPods-TestTravis.a */; };
		EACECC311C5B5BF800BF63C7 /* AppDelegate.swift in Sources */ = {isa = PBXBuildFile; fileRef = EACECC301C5B5BF800BF63C7 /* AppDelegate.swift */; };
		EACECC331C5B5BF800BF63C7 /* ViewController.swift in Sources */ = {isa = PBXBuildFile; fileRef = EACECC321C5B5BF800BF63C7 /* ViewController.swift */; };
		EACECC361C5B5BF800BF63C7 /* Main.storyboard in Resources */ = {isa = PBXBuildFile; fileRef = EACECC341C5B5BF800BF63C7 /* Main.storyboard */; };
		EACECC391C5B5BF800BF63C7 /* TestTravis.xcdatamodeld in Sources */ = {isa = PBXBuildFile; fileRef = EACECC371C5B5BF800BF63C7 /* TestTravis.xcdatamodeld */; };
		EACECC3B1C5B5BF800BF63C7 /* Assets.xcassets in Resources */ = {isa = PBXBuildFile; fileRef = EACECC3A1C5B5BF800BF63C7 /* Assets.xcassets */; };
		EACECC3E1C5B5BF800BF63C7 /* LaunchScreen.storyboard in Resources */ = {isa = PBXBuildFile; fileRef = EACECC3C1C5B5BF800BF63C7 /* LaunchScreen.storyboard */; };
		EACECC491C5B5BF800BF63C7 /* TestTravisTests.swift in Sources */ = {isa = PBXBuildFile; fileRef = EACECC481C5B5BF800BF63C7 /* TestTravisTests.swift */; };
		EACECC541C5B5BF800BF63C7 /* TestTravisUITests.swift in Sources */ = {isa = PBXBuildFile; fileRef = EACECC531C5B5BF800BF63C7 /* TestTravisUITests.swift */; };
		EACECC681C5B5C2100BF63C7 /* NotificationCenter.framework in Frameworks */ = {isa = PBXBuildFile; fileRef = EACECC671C5B5C2100BF63C7 /* NotificationCenter.framework */; };
		EACECC6B1C5B5C2100BF63C7 /* TodayViewController.swift in Sources */ = {isa = PBXBuildFile; fileRef = EACECC6A1C5B5C2100BF63C7 /* TodayViewController.swift */; };
		EACECC6E1C5B5C2100BF63C7 /* MainInterface.storyboard in Resources */ = {isa = PBXBuildFile; fileRef = EACECC6C1C5B5C2100BF63C7 /* MainInterface.storyboard */; };
		EACECC721C5B5C2100BF63C7 /* TodayExtension.appex in Embed App Extensions */ = {isa = PBXBuildFile; fileRef = EACECC651C5B5C2100BF63C7 /* TodayExtension.appex */; settings = {ATTRIBUTES = (RemoveHeadersOnCopy, ); }; };
/* End PBXBuildFile section */

/* Begin PBXContainerItemProxy section */
		EACECC451C5B5BF800BF63C7 /* PBXContainerItemProxy */ = {
			isa = PBXContainerItemProxy;
			containerPortal = EACECC251C5B5BF800BF63C7 /* Project object */;
			proxyType = 1;
			remoteGlobalIDString = EACECC2C1C5B5BF800BF63C7;
			remoteInfo = TestTravis;
		};
		EACECC501C5B5BF800BF63C7 /* PBXContainerItemProxy */ = {
			isa = PBXContainerItemProxy;
			containerPortal = EACECC251C5B5BF800BF63C7 /* Project object */;
			proxyType = 1;
			remoteGlobalIDString = EACECC2C1C5B5BF800BF63C7;
			remoteInfo = TestTravis;
		};
		EACECC701C5B5C2100BF63C7 /* PBXContainerItemProxy */ = {
			isa = PBXContainerItemProxy;
			containerPortal = EACECC251C5B5BF800BF63C7 /* Project object */;
			proxyType = 1;
			remoteGlobalIDString = EACECC641C5B5C2100BF63C7;
			remoteInfo = TodayExtension;
		};
/* End PBXContainerItemProxy section */

/* Begin PBXCopyFilesBuildPhase section */
		EACECC761C5B5C2200BF63C7 /* Embed App Extensions */ = {
			isa = PBXCopyFilesBuildPhase;
			buildActionMask = 2147483647;
			dstPath = "";
			dstSubfolderSpec = 13;
			files = (
				EACECC721C5B5C2100BF63C7 /* TodayExtension.appex in Embed App Extensions */,
			);
			name = "Embed App Extensions";
			runOnlyForDeploymentPostprocessing = 0;
		};
/* End PBXCopyFilesBuildPhase section */

/* Begin PBXFileReference section */
		3FACFD03ED92DB9C750B8153 /* libPods-TestTravis.a */ = {isa = PBXFileReference; explicitFileType = archive.ar; includeInIndex = 0; path = "libPods-TestTravis.a"; sourceTree = BUILT_PRODUCTS_DIR; };
		436C55561CCF24FB6F8206C3 /* Pods-TodayExtension.debug.xcconfig */ = {isa = PBXFileReference; includeInIndex = 1; lastKnownFileType = text.xcconfig; name = "Pods-TodayExtension.debug.xcconfig"; path = "Pods/Target Support Files/Pods-TodayExtension/Pods-TodayExtension.debug.xcconfig"; sourceTree = "<group>"; };
		B6BE1C7875F662E11BF5D592 /* libPods-TodayExtension.a */ = {isa = PBXFileReference; explicitFileType = archive.ar; includeInIndex = 0; path = "libPods-TodayExtension.a"; sourceTree = BUILT_PRODUCTS_DIR; };
		BCF64CC9D0B0F5E37F8E3ABC /* Pods-TestTravis.debug.xcconfig */ = {isa = PBXFileReference; includeInIndex = 1; lastKnownFileType = text.xcconfig; name = "Pods-TestTravis.debug.xcconfig"; path = "Pods/Target Support Files/Pods-TestTravis/Pods-TestTravis.debug.xcconfig"; sourceTree = "<group>"; };
		CED19569F7A8AEE3AD2E8600 /* Pods-TestTravis.release.xcconfig */ = {isa = PBXFileReference; includeInIndex = 1; lastKnownFileType = text.xcconfig; name = "Pods-TestTravis.release.xcconfig"; path = "Pods/Target Support Files/Pods-TestTravis/Pods-TestTravis.release.xcconfig"; sourceTree = "<group>"; };
		E7931CD14B7A5ED02E7BDCF8 /* Pods-TodayExtension.release.xcconfig */ = {isa = PBXFileReference; includeInIndex = 1; lastKnownFileType = text.xcconfig; name = "Pods-TodayExtension.release.xcconfig"; path = "Pods/Target Support Files/Pods-TodayExtension/Pods-TodayExtension.release.xcconfig"; sourceTree = "<group>"; };
		EACECC2D1C5B5BF800BF63C7 /* TestTravis.app */ = {isa = PBXFileReference; explicitFileType = wrapper.application; includeInIndex = 0; path = TestTravis.app; sourceTree = BUILT_PRODUCTS_DIR; };
		EACECC301C5B5BF800BF63C7 /* AppDelegate.swift */ = {isa = PBXFileReference; lastKnownFileType = sourcecode.swift; path = AppDelegate.swift; sourceTree = "<group>"; };
		EACECC321C5B5BF800BF63C7 /* ViewController.swift */ = {isa = PBXFileReference; lastKnownFileType = sourcecode.swift; path = ViewController.swift; sourceTree = "<group>"; };
		EACECC351C5B5BF800BF63C7 /* Base */ = {isa = PBXFileReference; lastKnownFileType = file.storyboard; name = Base; path = Base.lproj/Main.storyboard; sourceTree = "<group>"; };
		EACECC381C5B5BF800BF63C7 /* TestTravis.xcdatamodel */ = {isa = PBXFileReference; lastKnownFileType = wrapper.xcdatamodel; path = TestTravis.xcdatamodel; sourceTree = "<group>"; };
		EACECC3A1C5B5BF800BF63C7 /* Assets.xcassets */ = {isa = PBXFileReference; lastKnownFileType = folder.assetcatalog; path = Assets.xcassets; sourceTree = "<group>"; };
		EACECC3D1C5B5BF800BF63C7 /* Base */ = {isa = PBXFileReference; lastKnownFileType = file.storyboard; name = Base; path = Base.lproj/LaunchScreen.storyboard; sourceTree = "<group>"; };
		EACECC3F1C5B5BF800BF63C7 /* Info.plist */ = {isa = PBXFileReference; lastKnownFileType = text.plist.xml; path = Info.plist; sourceTree = "<group>"; };
		EACECC441C5B5BF800BF63C7 /* TestTravisTests.xctest */ = {isa = PBXFileReference; explicitFileType = wrapper.cfbundle; includeInIndex = 0; path = TestTravisTests.xctest; sourceTree = BUILT_PRODUCTS_DIR; };
		EACECC481C5B5BF800BF63C7 /* TestTravisTests.swift */ = {isa = PBXFileReference; lastKnownFileType = sourcecode.swift; path = TestTravisTests.swift; sourceTree = "<group>"; };
		EACECC4A1C5B5BF800BF63C7 /* Info.plist */ = {isa = PBXFileReference; lastKnownFileType = text.plist.xml; path = Info.plist; sourceTree = "<group>"; };
		EACECC4F1C5B5BF800BF63C7 /* TestTravisUITests.xctest */ = {isa = PBXFileReference; explicitFileType = wrapper.cfbundle; includeInIndex = 0; path = TestTravisUITests.xctest; sourceTree = BUILT_PRODUCTS_DIR; };
		EACECC531C5B5BF800BF63C7 /* TestTravisUITests.swift */ = {isa = PBXFileReference; lastKnownFileType = sourcecode.swift; path = TestTravisUITests.swift; sourceTree = "<group>"; };
		EACECC551C5B5BF800BF63C7 /* Info.plist */ = {isa = PBXFileReference; lastKnownFileType = text.plist.xml; path = Info.plist; sourceTree = "<group>"; };
		EACECC651C5B5C2100BF63C7 /* TodayExtension.appex */ = {isa = PBXFileReference; explicitFileType = "wrapper.app-extension"; includeInIndex = 0; path = TodayExtension.appex; sourceTree = BUILT_PRODUCTS_DIR; };
		EACECC671C5B5C2100BF63C7 /* NotificationCenter.framework */ = {isa = PBXFileReference; lastKnownFileType = wrapper.framework; name = NotificationCenter.framework; path = System/Library/Frameworks/NotificationCenter.framework; sourceTree = SDKROOT; };
		EACECC6A1C5B5C2100BF63C7 /* TodayViewController.swift */ = {isa = PBXFileReference; lastKnownFileType = sourcecode.swift; path = TodayViewController.swift; sourceTree = "<group>"; };
		EACECC6D1C5B5C2100BF63C7 /* Base */ = {isa = PBXFileReference; lastKnownFileType = file.storyboard; name = Base; path = Base.lproj/MainInterface.storyboard; sourceTree = "<group>"; };
		EACECC6F1C5B5C2100BF63C7 /* Info.plist */ = {isa = PBXFileReference; lastKnownFileType = text.plist.xml; path = Info.plist; sourceTree = "<group>"; };
/* End PBXFileReference section */

/* Begin PBXFrameworksBuildPhase section */
		EACECC2A1C5B5BF800BF63C7 /* Frameworks */ = {
			isa = PBXFrameworksBuildPhase;
			buildActionMask = 2147483647;
			files = (
				79CA3B9BD42DEE868723256D /* libPods-TestTravis.a in Frameworks */,
			);
			runOnlyForDeploymentPostprocessing = 0;
		};
		EACECC411C5B5BF800BF63C7 /* Frameworks */ = {
			isa = PBXFrameworksBuildPhase;
			buildActionMask = 2147483647;
			files = (
			);
			runOnlyForDeploymentPostprocessing = 0;
		};
		EACECC4C1C5B5BF800BF63C7 /* Frameworks */ = {
			isa = PBXFrameworksBuildPhase;
			buildActionMask = 2147483647;
			files = (
			);
			runOnlyForDeploymentPostprocessing = 0;
		};
		EACECC621C5B5C2100BF63C7 /* Frameworks */ = {
			isa = PBXFrameworksBuildPhase;
			buildActionMask = 2147483647;
			files = (
				EACECC681C5B5C2100BF63C7 /* NotificationCenter.framework in Frameworks */,
				0698F75DC0F57B5C5FC73CFE /* libPods-TodayExtension.a in Frameworks */,
			);
			runOnlyForDeploymentPostprocessing = 0;
		};
/* End PBXFrameworksBuildPhase section */

/* Begin PBXGroup section */
		1C9BAAEB338DED8C645CCD1D /* Pods */ = {
			isa = PBXGroup;
			children = (
				BCF64CC9D0B0F5E37F8E3ABC /* Pods-TestTravis.debug.xcconfig */,
				CED19569F7A8AEE3AD2E8600 /* Pods-TestTravis.release.xcconfig */,
				436C55561CCF24FB6F8206C3 /* Pods-TodayExtension.debug.xcconfig */,
				E7931CD14B7A5ED02E7BDCF8 /* Pods-TodayExtension.release.xcconfig */,
			);
			name = Pods;
			sourceTree = "<group>";
		};
		EACECC241C5B5BF800BF63C7 = {
			isa = PBXGroup;
			children = (
				EACECC2F1C5B5BF800BF63C7 /* TestTravis */,
				EACECC471C5B5BF800BF63C7 /* TestTravisTests */,
				EACECC521C5B5BF800BF63C7 /* TestTravisUITests */,
				EACECC691C5B5C2100BF63C7 /* TodayExtension */,
				EACECC661C5B5C2100BF63C7 /* Frameworks */,
				EACECC2E1C5B5BF800BF63C7 /* Products */,
				1C9BAAEB338DED8C645CCD1D /* Pods */,
			);
			sourceTree = "<group>";
		};
		EACECC2E1C5B5BF800BF63C7 /* Products */ = {
			isa = PBXGroup;
			children = (
				EACECC2D1C5B5BF800BF63C7 /* TestTravis.app */,
				EACECC441C5B5BF800BF63C7 /* TestTravisTests.xctest */,
				EACECC4F1C5B5BF800BF63C7 /* TestTravisUITests.xctest */,
				EACECC651C5B5C2100BF63C7 /* TodayExtension.appex */,
			);
			name = Products;
			sourceTree = "<group>";
		};
		EACECC2F1C5B5BF800BF63C7 /* TestTravis */ = {
			isa = PBXGroup;
			children = (
				EACECC301C5B5BF800BF63C7 /* AppDelegate.swift */,
				EACECC321C5B5BF800BF63C7 /* ViewController.swift */,
				EACECC341C5B5BF800BF63C7 /* Main.storyboard */,
				EACECC3A1C5B5BF800BF63C7 /* Assets.xcassets */,
				EACECC3C1C5B5BF800BF63C7 /* LaunchScreen.storyboard */,
				EACECC3F1C5B5BF800BF63C7 /* Info.plist */,
				EACECC371C5B5BF800BF63C7 /* TestTravis.xcdatamodeld */,
			);
			path = TestTravis;
			sourceTree = "<group>";
		};
		EACECC471C5B5BF800BF63C7 /* TestTravisTests */ = {
			isa = PBXGroup;
			children = (
				EACECC481C5B5BF800BF63C7 /* TestTravisTests.swift */,
				EACECC4A1C5B5BF800BF63C7 /* Info.plist */,
			);
			path = TestTravisTests;
			sourceTree = "<group>";
		};
		EACECC521C5B5BF800BF63C7 /* TestTravisUITests */ = {
			isa = PBXGroup;
			children = (
				EACECC531C5B5BF800BF63C7 /* TestTravisUITests.swift */,
				EACECC551C5B5BF800BF63C7 /* Info.plist */,
			);
			path = TestTravisUITests;
			sourceTree = "<group>";
		};
		EACECC661C5B5C2100BF63C7 /* Frameworks */ = {
			isa = PBXGroup;
			children = (
				EACECC671C5B5C2100BF63C7 /* NotificationCenter.framework */,
				3FACFD03ED92DB9C750B8153 /* libPods-TestTravis.a */,
				B6BE1C7875F662E11BF5D592 /* libPods-TodayExtension.a */,
			);
			name = Frameworks;
			sourceTree = "<group>";
		};
		EACECC691C5B5C2100BF63C7 /* TodayExtension */ = {
			isa = PBXGroup;
			children = (
				EACECC6A1C5B5C2100BF63C7 /* TodayViewController.swift */,
				EACECC6C1C5B5C2100BF63C7 /* MainInterface.storyboard */,
				EACECC6F1C5B5C2100BF63C7 /* Info.plist */,
			);
			path = TodayExtension;
			sourceTree = "<group>";
		};
/* End PBXGroup section */

/* Begin PBXNativeTarget section */
		EACECC2C1C5B5BF800BF63C7 /* TestTravis */ = {
			isa = PBXNativeTarget;
			buildConfigurationList = EACECC581C5B5BF800BF63C7 /* Build configuration list for PBXNativeTarget "TestTravis" */;
			buildPhases = (
				7ECFA5A4495E3461D00877C5 /* Check Pods Manifest.lock */,
				EACECC291C5B5BF800BF63C7 /* Sources */,
				EACECC2A1C5B5BF800BF63C7 /* Frameworks */,
				EACECC2B1C5B5BF800BF63C7 /* Resources */,
				EACECC761C5B5C2200BF63C7 /* Embed App Extensions */,
				71D647F6B3E9B89F6D8AE93D /* Embed Pods Frameworks */,
				E05F9BC5288BFB6097A98B28 /* Copy Pods Resources */,
			);
			buildRules = (
			);
			dependencies = (
				EACECC711C5B5C2100BF63C7 /* PBXTargetDependency */,
			);
			name = TestTravis;
			productName = TestTravis;
			productReference = EACECC2D1C5B5BF800BF63C7 /* TestTravis.app */;
			productType = "com.apple.product-type.application";
		};
		EACECC431C5B5BF800BF63C7 /* TestTravisTests */ = {
			isa = PBXNativeTarget;
			buildConfigurationList = EACECC5B1C5B5BF800BF63C7 /* Build configuration list for PBXNativeTarget "TestTravisTests" */;
			buildPhases = (
				EACECC401C5B5BF800BF63C7 /* Sources */,
				EACECC411C5B5BF800BF63C7 /* Frameworks */,
				EACECC421C5B5BF800BF63C7 /* Resources */,
			);
			buildRules = (
			);
			dependencies = (
				EACECC461C5B5BF800BF63C7 /* PBXTargetDependency */,
			);
			name = TestTravisTests;
			productName = TestTravisTests;
			productReference = EACECC441C5B5BF800BF63C7 /* TestTravisTests.xctest */;
			productType = "com.apple.product-type.bundle.unit-test";
		};
		EACECC4E1C5B5BF800BF63C7 /* TestTravisUITests */ = {
			isa = PBXNativeTarget;
			buildConfigurationList = EACECC5E1C5B5BF800BF63C7 /* Build configuration list for PBXNativeTarget "TestTravisUITests" */;
			buildPhases = (
				EACECC4B1C5B5BF800BF63C7 /* Sources */,
				EACECC4C1C5B5BF800BF63C7 /* Frameworks */,
				EACECC4D1C5B5BF800BF63C7 /* Resources */,
			);
			buildRules = (
			);
			dependencies = (
				EACECC511C5B5BF800BF63C7 /* PBXTargetDependency */,
			);
			name = TestTravisUITests;
			productName = TestTravisUITests;
			productReference = EACECC4F1C5B5BF800BF63C7 /* TestTravisUITests.xctest */;
			productType = "com.apple.product-type.bundle.ui-testing";
		};
		EACECC641C5B5C2100BF63C7 /* TodayExtension */ = {
			isa = PBXNativeTarget;
			buildConfigurationList = EACECC751C5B5C2200BF63C7 /* Build configuration list for PBXNativeTarget "TodayExtension" */;
			buildPhases = (
				D4505D0D4A1B5A77FC18E6F6 /* Check Pods Manifest.lock */,
				EACECC611C5B5C2100BF63C7 /* Sources */,
				EACECC621C5B5C2100BF63C7 /* Frameworks */,
				EACECC631C5B5C2100BF63C7 /* Resources */,
				2861878C7035E1664B58CFD0 /* Embed Pods Frameworks */,
				6ECEADE664EC14737FDE68BF /* Copy Pods Resources */,
			);
			buildRules = (
			);
			dependencies = (
			);
			name = TodayExtension;
			productName = TodayExtension;
			productReference = EACECC651C5B5C2100BF63C7 /* TodayExtension.appex */;
			productType = "com.apple.product-type.app-extension";
		};
/* End PBXNativeTarget section */

/* Begin PBXProject section */
		EACECC251C5B5BF800BF63C7 /* Project object */ = {
			isa = PBXProject;
			attributes = {
				LastSwiftUpdateCheck = 0720;
				LastUpgradeCheck = 0720;
				ORGANIZATIONNAME = Bookmate;
				TargetAttributes = {
					EACECC2C1C5B5BF800BF63C7 = {
						CreatedOnToolsVersion = 7.2;
						DevelopmentTeam = GNNTACH6S9;
					};
					EACECC431C5B5BF800BF63C7 = {
						CreatedOnToolsVersion = 7.2;
						TestTargetID = EACECC2C1C5B5BF800BF63C7;
					};
					EACECC4E1C5B5BF800BF63C7 = {
						CreatedOnToolsVersion = 7.2;
						TestTargetID = EACECC2C1C5B5BF800BF63C7;
					};
					EACECC641C5B5C2100BF63C7 = {
						CreatedOnToolsVersion = 7.2;
						DevelopmentTeam = GNNTACH6S9;
					};
				};
			};
			buildConfigurationList = EACECC281C5B5BF800BF63C7 /* Build configuration list for PBXProject "TestTravis" */;
			compatibilityVersion = "Xcode 3.2";
			developmentRegion = English;
			hasScannedForEncodings = 0;
			knownRegions = (
				en,
				Base,
			);
			mainGroup = EACECC241C5B5BF800BF63C7;
			productRefGroup = EACECC2E1C5B5BF800BF63C7 /* Products */;
			projectDirPath = "";
			projectRoot = "";
			targets = (
				EACECC2C1C5B5BF800BF63C7 /* TestTravis */,
				EACECC641C5B5C2100BF63C7 /* TodayExtension */,
				EACECC431C5B5BF800BF63C7 /* TestTravisTests */,
				EACECC4E1C5B5BF800BF63C7 /* TestTravisUITests */,
			);
		};
/* End PBXProject section */

/* Begin PBXResourcesBuildPhase section */
		EACECC2B1C5B5BF800BF63C7 /* Resources */ = {
			isa = PBXResourcesBuildPhase;
			buildActionMask = 2147483647;
			files = (
				EACECC3E1C5B5BF800BF63C7 /* LaunchScreen.storyboard in Resources */,
				EACECC3B1C5B5BF800BF63C7 /* Assets.xcassets in Resources */,
				EACECC361C5B5BF800BF63C7 /* Main.storyboard in Resources */,
			);
			runOnlyForDeploymentPostprocessing = 0;
		};
		EACECC421C5B5BF800BF63C7 /* Resources */ = {
			isa = PBXResourcesBuildPhase;
			buildActionMask = 2147483647;
			files = (
			);
			runOnlyForDeploymentPostprocessing = 0;
		};
		EACECC4D1C5B5BF800BF63C7 /* Resources */ = {
			isa = PBXResourcesBuildPhase;
			buildActionMask = 2147483647;
			files = (
			);
			runOnlyForDeploymentPostprocessing = 0;
		};
		EACECC631C5B5C2100BF63C7 /* Resources */ = {
			isa = PBXResourcesBuildPhase;
			buildActionMask = 2147483647;
			files = (
				EACECC6E1C5B5C2100BF63C7 /* MainInterface.storyboard in Resources */,
			);
			runOnlyForDeploymentPostprocessing = 0;
		};
/* End PBXResourcesBuildPhase section */

/* Begin PBXShellScriptBuildPhase section */
		2861878C7035E1664B58CFD0 /* Embed Pods Frameworks */ = {
			isa = PBXShellScriptBuildPhase;
			buildActionMask = 2147483647;
			files = (
			);
			inputPaths = (
			);
			name = "Embed Pods Frameworks";
			outputPaths = (
			);
			runOnlyForDeploymentPostprocessing = 0;
			shellPath = /bin/sh;
			shellScript = "\"${SRCROOT}/Pods/Target Support Files/Pods-TodayExtension/Pods-TodayExtension-frameworks.sh\"\n";
			showEnvVarsInLog = 0;
		};
		6ECEADE664EC14737FDE68BF /* Copy Pods Resources */ = {
			isa = PBXShellScriptBuildPhase;
			buildActionMask = 2147483647;
			files = (
			);
			inputPaths = (
			);
			name = "Copy Pods Resources";
			outputPaths = (
			);
			runOnlyForDeploymentPostprocessing = 0;
			shellPath = /bin/sh;
			shellScript = "\"${SRCROOT}/Pods/Target Support Files/Pods-TodayExtension/Pods-TodayExtension-resources.sh\"\n";
			showEnvVarsInLog = 0;
		};
		71D647F6B3E9B89F6D8AE93D /* Embed Pods Frameworks */ = {
			isa = PBXShellScriptBuildPhase;
			buildActionMask = 2147483647;
			files = (
			);
			inputPaths = (
			);
			name = "Embed Pods Frameworks";
			outputPaths = (
			);
			runOnlyForDeploymentPostprocessing = 0;
			shellPath = /bin/sh;
			shellScript = "\"${SRCROOT}/Pods/Target Support Files/Pods-TestTravis/Pods-TestTravis-frameworks.sh\"\n";
			showEnvVarsInLog = 0;
		};
		7ECFA5A4495E3461D00877C5 /* Check Pods Manifest.lock */ = {
			isa = PBXShellScriptBuildPhase;
			buildActionMask = 2147483647;
			files = (
			);
			inputPaths = (
			);
			name = "Check Pods Manifest.lock";
			outputPaths = (
			);
			runOnlyForDeploymentPostprocessing = 0;
			shellPath = /bin/sh;
			shellScript = "diff \"${PODS_ROOT}/../Podfile.lock\" \"${PODS_ROOT}/Manifest.lock\" > /dev/null\nif [[ $? != 0 ]] ; then\n    cat << EOM\nerror: The sandbox is not in sync with the Podfile.lock. Run 'pod install' or update your CocoaPods installation.\nEOM\n    exit 1\nfi\n";
			showEnvVarsInLog = 0;
		};
		D4505D0D4A1B5A77FC18E6F6 /* Check Pods Manifest.lock */ = {
			isa = PBXShellScriptBuildPhase;
			buildActionMask = 2147483647;
			files = (
			);
			inputPaths = (
			);
			name = "Check Pods Manifest.lock";
			outputPaths = (
			);
			runOnlyForDeploymentPostprocessing = 0;
			shellPath = /bin/sh;
			shellScript = "diff \"${PODS_ROOT}/../Podfile.lock\" \"${PODS_ROOT}/Manifest.lock\" > /dev/null\nif [[ $? != 0 ]] ; then\n    cat << EOM\nerror: The sandbox is not in sync with the Podfile.lock. Run 'pod install' or update your CocoaPods installation.\nEOM\n    exit 1\nfi\n";
			showEnvVarsInLog = 0;
		};
		E05F9BC5288BFB6097A98B28 /* Copy Pods Resources */ = {
			isa = PBXShellScriptBuildPhase;
			buildActionMask = 2147483647;
			files = (
			);
			inputPaths = (
			);
			name = "Copy Pods Resources";
			outputPaths = (
			);
			runOnlyForDeploymentPostprocessing = 0;
			shellPath = /bin/sh;
			shellScript = "\"${SRCROOT}/Pods/Target Support Files/Pods-TestTravis/Pods-TestTravis-resources.sh\"\n";
			showEnvVarsInLog = 0;
		};
/* End PBXShellScriptBuildPhase section */

/* Begin PBXSourcesBuildPhase section */
		EACECC291C5B5BF800BF63C7 /* Sources */ = {
			isa = PBXSourcesBuildPhase;
			buildActionMask = 2147483647;
			files = (
				EACECC331C5B5BF800BF63C7 /* ViewController.swift in Sources */,
				EACECC391C5B5BF800BF63C7 /* TestTravis.xcdatamodeld in Sources */,
				EACECC311C5B5BF800BF63C7 /* AppDelegate.swift in Sources */,
			);
			runOnlyForDeploymentPostprocessing = 0;
		};
		EACECC401C5B5BF800BF63C7 /* Sources */ = {
			isa = PBXSourcesBuildPhase;
			buildActionMask = 2147483647;
			files = (
				EACECC491C5B5BF800BF63C7 /* TestTravisTests.swift in Sources */,
			);
			runOnlyForDeploymentPostprocessing = 0;
		};
		EACECC4B1C5B5BF800BF63C7 /* Sources */ = {
			isa = PBXSourcesBuildPhase;
			buildActionMask = 2147483647;
			files = (
				EACECC541C5B5BF800BF63C7 /* TestTravisUITests.swift in Sources */,
			);
			runOnlyForDeploymentPostprocessing = 0;
		};
		EACECC611C5B5C2100BF63C7 /* Sources */ = {
			isa = PBXSourcesBuildPhase;
			buildActionMask = 2147483647;
			files = (
				EACECC6B1C5B5C2100BF63C7 /* TodayViewController.swift in Sources */,
			);
			runOnlyForDeploymentPostprocessing = 0;
		};
/* End PBXSourcesBuildPhase section */

/* Begin PBXTargetDependency section */
		EACECC461C5B5BF800BF63C7 /* PBXTargetDependency */ = {
			isa = PBXTargetDependency;
			target = EACECC2C1C5B5BF800BF63C7 /* TestTravis */;
			targetProxy = EACECC451C5B5BF800BF63C7 /* PBXContainerItemProxy */;
		};
		EACECC511C5B5BF800BF63C7 /* PBXTargetDependency */ = {
			isa = PBXTargetDependency;
			target = EACECC2C1C5B5BF800BF63C7 /* TestTravis */;
			targetProxy = EACECC501C5B5BF800BF63C7 /* PBXContainerItemProxy */;
		};
		EACECC711C5B5C2100BF63C7 /* PBXTargetDependency */ = {
			isa = PBXTargetDependency;
			target = EACECC641C5B5C2100BF63C7 /* TodayExtension */;
			targetProxy = EACECC701C5B5C2100BF63C7 /* PBXContainerItemProxy */;
		};
/* End PBXTargetDependency section */

/* Begin PBXVariantGroup section */
		EACECC341C5B5BF800BF63C7 /* Main.storyboard */ = {
			isa = PBXVariantGroup;
			children = (
				EACECC351C5B5BF800BF63C7 /* Base */,
			);
			name = Main.storyboard;
			sourceTree = "<group>";
		};
		EACECC3C1C5B5BF800BF63C7 /* LaunchScreen.storyboard */ = {
			isa = PBXVariantGroup;
			children = (
				EACECC3D1C5B5BF800BF63C7 /* Base */,
			);
			name = LaunchScreen.storyboard;
			sourceTree = "<group>";
		};
		EACECC6C1C5B5C2100BF63C7 /* MainInterface.storyboard */ = {
			isa = PBXVariantGroup;
			children = (
				EACECC6D1C5B5C2100BF63C7 /* Base */,
			);
			name = MainInterface.storyboard;
			sourceTree = "<group>";
		};
/* End PBXVariantGroup section */

/* Begin XCBuildConfiguration section */
		EACECC561C5B5BF800BF63C7 /* Debug */ = {
			isa = XCBuildConfiguration;
			buildSettings = {
				ALWAYS_SEARCH_USER_PATHS = NO;
				CLANG_CXX_LANGUAGE_STANDARD = "gnu++0x";
				CLANG_CXX_LIBRARY = "libc++";
				CLANG_ENABLE_MODULES = YES;
				CLANG_ENABLE_OBJC_ARC = YES;
				CLANG_WARN_BOOL_CONVERSION = YES;
				CLANG_WARN_CONSTANT_CONVERSION = YES;
				CLANG_WARN_DIRECT_OBJC_ISA_USAGE = YES_ERROR;
				CLANG_WARN_EMPTY_BODY = YES;
				CLANG_WARN_ENUM_CONVERSION = YES;
				CLANG_WARN_INT_CONVERSION = YES;
				CLANG_WARN_OBJC_ROOT_CLASS = YES_ERROR;
				CLANG_WARN_UNREACHABLE_CODE = YES;
				CLANG_WARN__DUPLICATE_METHOD_MATCH = YES;
				"CODE_SIGN_IDENTITY[sdk=iphoneos*]" = "iPhone Developer";
				COPY_PHASE_STRIP = NO;
				DEBUG_INFORMATION_FORMAT = dwarf;
				ENABLE_STRICT_OBJC_MSGSEND = YES;
				ENABLE_TESTABILITY = YES;
				GCC_C_LANGUAGE_STANDARD = gnu99;
				GCC_DYNAMIC_NO_PIC = NO;
				GCC_NO_COMMON_BLOCKS = YES;
				GCC_OPTIMIZATION_LEVEL = 0;
				GCC_PREPROCESSOR_DEFINITIONS = (
					"DEBUG=1",
					"$(inherited)",
				);
				GCC_WARN_64_TO_32_BIT_CONVERSION = YES;
				GCC_WARN_ABOUT_RETURN_TYPE = YES_ERROR;
				GCC_WARN_UNDECLARED_SELECTOR = YES;
				GCC_WARN_UNINITIALIZED_AUTOS = YES_AGGRESSIVE;
				GCC_WARN_UNUSED_FUNCTION = YES;
				GCC_WARN_UNUSED_VARIABLE = YES;
				IPHONEOS_DEPLOYMENT_TARGET = 7.0;
				MTL_ENABLE_DEBUG_INFO = YES;
				ONLY_ACTIVE_ARCH = YES;
				SDKROOT = iphoneos;
				SWIFT_OPTIMIZATION_LEVEL = "-Onone";
				TARGETED_DEVICE_FAMILY = "1,2";
			};
			name = Debug;
		};
		EACECC571C5B5BF800BF63C7 /* Release */ = {
			isa = XCBuildConfiguration;
			buildSettings = {
				ALWAYS_SEARCH_USER_PATHS = NO;
				CLANG_CXX_LANGUAGE_STANDARD = "gnu++0x";
				CLANG_CXX_LIBRARY = "libc++";
				CLANG_ENABLE_MODULES = YES;
				CLANG_ENABLE_OBJC_ARC = YES;
				CLANG_WARN_BOOL_CONVERSION = YES;
				CLANG_WARN_CONSTANT_CONVERSION = YES;
				CLANG_WARN_DIRECT_OBJC_ISA_USAGE = YES_ERROR;
				CLANG_WARN_EMPTY_BODY = YES;
				CLANG_WARN_ENUM_CONVERSION = YES;
				CLANG_WARN_INT_CONVERSION = YES;
				CLANG_WARN_OBJC_ROOT_CLASS = YES_ERROR;
				CLANG_WARN_UNREACHABLE_CODE = YES;
				CLANG_WARN__DUPLICATE_METHOD_MATCH = YES;
				"CODE_SIGN_IDENTITY[sdk=iphoneos*]" = "iPhone Developer";
				COPY_PHASE_STRIP = NO;
				DEBUG_INFORMATION_FORMAT = "dwarf-with-dsym";
				ENABLE_NS_ASSERTIONS = NO;
				ENABLE_STRICT_OBJC_MSGSEND = YES;
				GCC_C_LANGUAGE_STANDARD = gnu99;
				GCC_NO_COMMON_BLOCKS = YES;
				GCC_WARN_64_TO_32_BIT_CONVERSION = YES;
				GCC_WARN_ABOUT_RETURN_TYPE = YES_ERROR;
				GCC_WARN_UNDECLARED_SELECTOR = YES;
				GCC_WARN_UNINITIALIZED_AUTOS = YES_AGGRESSIVE;
				GCC_WARN_UNUSED_FUNCTION = YES;
				GCC_WARN_UNUSED_VARIABLE = YES;
				IPHONEOS_DEPLOYMENT_TARGET = 7.0;
				MTL_ENABLE_DEBUG_INFO = NO;
				SDKROOT = iphoneos;
				TARGETED_DEVICE_FAMILY = "1,2";
				VALIDATE_PRODUCT = YES;
			};
			name = Release;
		};
		EACECC591C5B5BF800BF63C7 /* Debug */ = {
			isa = XCBuildConfiguration;
			baseConfigurationReference = BCF64CC9D0B0F5E37F8E3ABC /* Pods-TestTravis.debug.xcconfig */;
			buildSettings = {
				ASSETCATALOG_COMPILER_APPICON_NAME = AppIcon;
				ASSETCATALOG_COMPILER_LAUNCHIMAGE_NAME = "Brand Assets";
				CODE_SIGN_IDENTITY = "iPhone Developer";
				EMBEDDED_CONTENT_CONTAINS_SWIFT = YES;
				INFOPLIST_FILE = TestTravis/Info.plist;
				LD_RUNPATH_SEARCH_PATHS = "$(inherited) @executable_path/Frameworks";
				PRODUCT_BUNDLE_IDENTIFIER = ru.bookmate.TestTravis;
				PRODUCT_NAME = "$(TARGET_NAME)";
			};
			name = Debug;
		};
		EACECC5A1C5B5BF800BF63C7 /* Release */ = {
			isa = XCBuildConfiguration;
			baseConfigurationReference = CED19569F7A8AEE3AD2E8600 /* Pods-TestTravis.release.xcconfig */;
			buildSettings = {
				ASSETCATALOG_COMPILER_APPICON_NAME = AppIcon;
				ASSETCATALOG_COMPILER_LAUNCHIMAGE_NAME = "Brand Assets";
				CODE_SIGN_IDENTITY = "iPhone Developer";
				EMBEDDED_CONTENT_CONTAINS_SWIFT = YES;
				INFOPLIST_FILE = TestTravis/Info.plist;
				LD_RUNPATH_SEARCH_PATHS = "$(inherited) @executable_path/Frameworks";
				PRODUCT_BUNDLE_IDENTIFIER = ru.bookmate.TestTravis;
				PRODUCT_NAME = "$(TARGET_NAME)";
			};
			name = Release;
		};
		EACECC5C1C5B5BF800BF63C7 /* Debug */ = {
			isa = XCBuildConfiguration;
			buildSettings = {
				BUNDLE_LOADER = "$(TEST_HOST)";
				INFOPLIST_FILE = TestTravisTests/Info.plist;
				LD_RUNPATH_SEARCH_PATHS = "$(inherited) @executable_path/Frameworks @loader_path/Frameworks";
				PRODUCT_BUNDLE_IDENTIFIER = ru.bookmate.TestTravisTests;
				PRODUCT_NAME = "$(TARGET_NAME)";
				TEST_HOST = "$(BUILT_PRODUCTS_DIR)/TestTravis.app/TestTravis";
			};
			name = Debug;
		};
		EACECC5D1C5B5BF800BF63C7 /* Release */ = {
			isa = XCBuildConfiguration;
			buildSettings = {
				BUNDLE_LOADER = "$(TEST_HOST)";
				INFOPLIST_FILE = TestTravisTests/Info.plist;
				LD_RUNPATH_SEARCH_PATHS = "$(inherited) @executable_path/Frameworks @loader_path/Frameworks";
				PRODUCT_BUNDLE_IDENTIFIER = ru.bookmate.TestTravisTests;
				PRODUCT_NAME = "$(TARGET_NAME)";
				TEST_HOST = "$(BUILT_PRODUCTS_DIR)/TestTravis.app/TestTravis";
			};
			name = Release;
		};
		EACECC5F1C5B5BF800BF63C7 /* Debug */ = {
			isa = XCBuildConfiguration;
			buildSettings = {
				INFOPLIST_FILE = TestTravisUITests/Info.plist;
				LD_RUNPATH_SEARCH_PATHS = "$(inherited) @executable_path/Frameworks @loader_path/Frameworks";
				PRODUCT_BUNDLE_IDENTIFIER = ru.bookmate.TestTravisUITests;
				PRODUCT_NAME = "$(TARGET_NAME)";
				TEST_TARGET_NAME = TestTravis;
				USES_XCTRUNNER = YES;
			};
			name = Debug;
		};
		EACECC601C5B5BF800BF63C7 /* Release */ = {
			isa = XCBuildConfiguration;
			buildSettings = {
				INFOPLIST_FILE = TestTravisUITests/Info.plist;
				LD_RUNPATH_SEARCH_PATHS = "$(inherited) @executable_path/Frameworks @loader_path/Frameworks";
				PRODUCT_BUNDLE_IDENTIFIER = ru.bookmate.TestTravisUITests;
				PRODUCT_NAME = "$(TARGET_NAME)";
				TEST_TARGET_NAME = TestTravis;
				USES_XCTRUNNER = YES;
			};
			name = Release;
		};
		EACECC731C5B5C2200BF63C7 /* Debug */ = {
			isa = XCBuildConfiguration;
			baseConfigurationReference = 436C55561CCF24FB6F8206C3 /* Pods-TodayExtension.debug.xcconfig */;
			buildSettings = {
				CODE_SIGN_IDENTITY = "iPhone Developer";
				INFOPLIST_FILE = TodayExtension/Info.plist;
				IPHONEOS_DEPLOYMENT_TARGET = 8.0;
				LD_RUNPATH_SEARCH_PATHS = "$(inherited) @executable_path/Frameworks @executable_path/../../Frameworks";
				PRODUCT_BUNDLE_IDENTIFIER = ru.bookmate.TestTravis.TodayExtension;
				PRODUCT_NAME = "$(TARGET_NAME)";
				SKIP_INSTALL = YES;
			};
			name = Debug;
		};
		EACECC741C5B5C2200BF63C7 /* Release */ = {
			isa = XCBuildConfiguration;
			baseConfigurationReference = E7931CD14B7A5ED02E7BDCF8 /* Pods-TodayExtension.release.xcconfig */;
			buildSettings = {
				CODE_SIGN_IDENTITY = "iPhone Developer";
				INFOPLIST_FILE = TodayExtension/Info.plist;
				IPHONEOS_DEPLOYMENT_TARGET = 8.0;
				LD_RUNPATH_SEARCH_PATHS = "$(inherited) @executable_path/Frameworks @executable_path/../../Frameworks";
				PRODUCT_BUNDLE_IDENTIFIER = ru.bookmate.TestTravis.TodayExtension;
				PRODUCT_NAME = "$(TARGET_NAME)";
				SKIP_INSTALL = YES;
			};
			name = Release;
		};
/* End XCBuildConfiguration section */

/* Begin XCConfigurationList section */
		EACECC281C5B5BF800BF63C7 /* Build configuration list for PBXProject "TestTravis" */ = {
			isa = XCConfigurationList;
			buildConfigurations = (
				EACECC561C5B5BF800BF63C7 /* Debug */,
				EACECC571C5B5BF800BF63C7 /* Release */,
			);
			defaultConfigurationIsVisible = 0;
			defaultConfigurationName = Release;
		};
		EACECC581C5B5BF800BF63C7 /* Build configuration list for PBXNativeTarget "TestTravis" */ = {
			isa = XCConfigurationList;
			buildConfigurations = (
				EACECC591C5B5BF800BF63C7 /* Debug */,
				EACECC5A1C5B5BF800BF63C7 /* Release */,
			);
			defaultConfigurationIsVisible = 0;
			defaultConfigurationName = Release;
		};
		EACECC5B1C5B5BF800BF63C7 /* Build configuration list for PBXNativeTarget "TestTravisTests" */ = {
			isa = XCConfigurationList;
			buildConfigurations = (
				EACECC5C1C5B5BF800BF63C7 /* Debug */,
				EACECC5D1C5B5BF800BF63C7 /* Release */,
			);
			defaultConfigurationIsVisible = 0;
			defaultConfigurationName = Release;
		};
		EACECC5E1C5B5BF800BF63C7 /* Build configuration list for PBXNativeTarget "TestTravisUITests" */ = {
			isa = XCConfigurationList;
			buildConfigurations = (
				EACECC5F1C5B5BF800BF63C7 /* Debug */,
				EACECC601C5B5BF800BF63C7 /* Release */,
			);
			defaultConfigurationIsVisible = 0;
			defaultConfigurationName = Release;
		};
		EACECC751C5B5C2200BF63C7 /* Build configuration list for PBXNativeTarget "TodayExtension" */ = {
			isa = XCConfigurationList;
			buildConfigurations = (
				EACECC731C5B5C2200BF63C7 /* Debug */,
				EACECC741C5B5C2200BF63C7 /* Release */,
			);
			defaultConfigurationIsVisible = 0;
			defaultConfigurationName = Release;
		};
/* End XCConfigurationList section */

/* Begin XCVersionGroup section */
		EACECC371C5B5BF800BF63C7 /* TestTravis.xcdatamodeld */ = {
			isa = XCVersionGroup;
			children = (
				EACECC381C5B5BF800BF63C7 /* TestTravis.xcdatamodel */,
			);
			currentVersion = EACECC381C5B5BF800BF63C7 /* TestTravis.xcdatamodel */;
			path = TestTravis.xcdatamodeld;
			sourceTree = "<group>";
			versionGroupType = wrapper.xcdatamodel;
		};
/* End XCVersionGroup section */
	};
	rootObject = EACECC251C5B5BF800BF63C7 /* Project object */;
}
